
Microsoft Visual Studio Solution File, Format Version 12.00
# Visual Studio Version 17
VisualStudioVersion = 17.2.32616.157
MinimumVisualStudioVersion = 10.0.40219.1
Project("{FAE04EC0-301F-11D3-BF4B-00C04F79EFBC}") = "HowToProgramClasses", "HowToProgramClasses\HowToProgramClasses.csproj", "{C25B8F85-81AC-46A2-9300-D84EDBCC9060}"
EndProject
Global
	GlobalSection(SolutionConfigurationPlatforms) = preSolution
		Debug|Any CPU = Debug|Any CPU
		Release|Any CPU = Release|Any CPU
	EndGlobalSection
	GlobalSection(ProjectConfigurationPlatforms) = postSolution
		{C25B8F85-81AC-46A2-9300-D84EDBCC9060}.Debug|Any CPU.ActiveCfg = Debug|Any CPU
		{C25B8F85-81AC-46A2-9300-D84EDBCC9060}.Debug|Any CPU.Build.0 = Debug|Any CPU
		{C25B8F85-81AC-46A2-9300-D84EDBCC9060}.Release|Any CPU.ActiveCfg = Release|Any CPU
		{C25B8F85-81AC-46A2-9300-D84EDBCC9060}.Release|Any CPU.Build.0 = Release|Any CPU
	EndGlobalSection
	GlobalSection(SolutionProperties) = preSolution
		HideSolutionNode = FALSE
	EndGlobalSection
	GlobalSection(ExtensibilityGlobals) = postSolution
		SolutionGuid = {E2B91E87-6CF0-4B57-AC0F-3409EAAFA3DD}
	EndGlobalSection
EndGlobal
